# This file is automatically @generated by Cargo.
# It is not intended for manual editing.
version = 3

[[package]]
name = "artifact"
version = "0.1.0"

[[package]]
name = "artifact_creator"
version = "0.1.0"
dependencies = [
 "artifact",
 "artifactzip",
]

[[package]]
name = "artifactzip"
version = "0.1.0"
dependencies = [
 "artifact",
]
